{
    "name": "example",
    "version": "1.0.0",
    "lockfileVersion": 3,
    "requires": true,
    "packages": {
        "": {
            "name": "example",
            "version": "1.0.0",
            "license": "ISC",
            "dependencies": {
                "@local/lib": "file:../lib"
            }
        },
        "../lib": {
            "name": "@local/lib",
            "version": "1.0.0",
            "hasInstallScript": true,
            "devDependencies": {}
        },
        "node_modules/@local/lib": {
            "resolved": "../lib",
            "link": true
        }
    }
}
